// !$*UTF8*$!
{
	archiveVersion = 1;
	classes = {
	};
	objectVersion = 50;
	objects = {

/* Begin PBXBuildFile section */
		A27C866D24F8F7AF0074470B /* AppDelegate.swift in Sources */ = {isa = PBXBuildFile; fileRef = A27C866C24F8F7AF0074470B /* AppDelegate.swift */; };
		A27C866F24F8F7AF0074470B /* SceneDelegate.swift in Sources */ = {isa = PBXBuildFile; fileRef = A27C866E24F8F7AF0074470B /* SceneDelegate.swift */; };
		A27C867124F8F7AF0074470B /* ViewController.swift in Sources */ = {isa = PBXBuildFile; fileRef = A27C867024F8F7AF0074470B /* ViewController.swift */; };
		A27C867424F8F7AF0074470B /* Main.storyboard in Resources */ = {isa = PBXBuildFile; fileRef = A27C867224F8F7AF0074470B /* Main.storyboard */; };
		A27C867624F8F7B10074470B /* Assets.xcassets in Resources */ = {isa = PBXBuildFile; fileRef = A27C867524F8F7B10074470B /* Assets.xcassets */; };
		A27C867924F8F7B10074470B /* LaunchScreen.storyboard in Resources */ = {isa = PBXBuildFile; fileRef = A27C867724F8F7B10074470B /* LaunchScreen.storyboard */; };
		A27C868124F9129C0074470B /* Person.swift in Sources */ = {isa = PBXBuildFile; fileRef = A27C868024F9129C0074470B /* Person.swift */; };
		A27C868524F9797B0074470B /* SecondViewController.swift in Sources */ = {isa = PBXBuildFile; fileRef = A27C868424F9797B0074470B /* SecondViewController.swift */; };
/* End PBXBuildFile section */

/* Begin PBXFileReference section */
		A27C866924F8F7AF0074470B /* myFirstApp.app */ = {isa = PBXFileReference; explicitFileType = wrapper.application; includeInIndex = 0; path = myFirstApp.app; sourceTree = BUILT_PRODUCTS_DIR; };
		A27C866C24F8F7AF0074470B /* AppDelegate.swift */ = {isa = PBXFileReference; lastKnownFileType = sourcecode.swift; path = AppDelegate.swift; sourceTree = "<group>"; };
		A27C866E24F8F7AF0074470B /* SceneDelegate.swift */ = {isa = PBXFileReference; lastKnownFileType = sourcecode.swift; path = SceneDelegate.swift; sourceTree = "<group>"; };
		A27C867024F8F7AF0074470B /* ViewController.swift */ = {isa = PBXFileReference; lastKnownFileType = sourcecode.swift; path = ViewController.swift; sourceTree = "<group>"; };
		A27C867324F8F7AF0074470B /* Base */ = {isa = PBXFileReference; lastKnownFileType = file.storyboard; name = Base; path = Base.lproj/Main.storyboard; sourceTree = "<group>"; };
		A27C867524F8F7B10074470B /* Assets.xcassets */ = {isa = PBXFileReference; lastKnownFileType = folder.assetcatalog; path = Assets.xcassets; sourceTree = "<group>"; };
		A27C867824F8F7B10074470B /* Base */ = {isa = PBXFileReference; lastKnownFileType = file.storyboard; name = Base; path = Base.lproj/LaunchScreen.storyboard; sourceTree = "<group>"; };
		A27C867A24F8F7B10074470B /* Info.plist */ = {isa = PBXFileReference; lastKnownFileType = text.plist.xml; path = Info.plist; sourceTree = "<group>"; };
		A27C868024F9129C0074470B /* Person.swift */ = {isa = PBXFileReference; lastKnownFileType = sourcecode.swift; path = Person.swift; sourceTree = "<group>"; };
		A27C868424F9797B0074470B /* SecondViewController.swift */ = {isa = PBXFileReference; lastKnownFileType = sourcecode.swift; path = SecondViewController.swift; sourceTree = "<group>"; };
/* End PBXFileReference section */

/* Begin PBXFrameworksBuildPhase section */
		A27C866624F8F7AF0074470B /* Frameworks */ = {
			isa = PBXFrameworksBuildPhase;
			buildActionMask = 2147483647;
			files = (
			);
			runOnlyForDeploymentPostprocessing = 0;
		};
/* End PBXFrameworksBuildPhase section */

/* Begin PBXGroup section */
		A2401E6024FC1BA300066485 /* SupportingFiles */ = {
			isa = PBXGroup;
			children = (
				A27C866C24F8F7AF0074470B /* AppDelegate.swift */,
				A27C867A24F8F7B10074470B /* Info.plist */,
				A27C866E24F8F7AF0074470B /* SceneDelegate.swift */,
			);
			path = SupportingFiles;
			sourceTree = "<group>";
		};
		A2401E6124FC1C1900066485 /* Model */ = {
			isa = PBXGroup;
			children = (
				A27C868024F9129C0074470B /* Person.swift */,
			);
			path = Model;
			sourceTree = "<group>";
		};
		A2401E6224FC1C6100066485 /* Storyboards */ = {
			isa = PBXGroup;
			children = (
				A27C867724F8F7B10074470B /* LaunchScreen.storyboard */,
				A27C867224F8F7AF0074470B /* Main.storyboard */,
			);
			path = Storyboards;
			sourceTree = "<group>";
		};
		A2401E6324FC1C8300066485 /* ViewControllers */ = {
			isa = PBXGroup;
			children = (
				A27C868424F9797B0074470B /* SecondViewController.swift */,
				A27C867024F8F7AF0074470B /* ViewController.swift */,
			);
			path = ViewControllers;
			sourceTree = "<group>";
		};
		A2401E6424FC1CA400066485 /* Sources */ = {
			isa = PBXGroup;
			children = (
				A27C867524F8F7B10074470B /* Assets.xcassets */,
			);
			path = Sources;
			sourceTree = "<group>";
		};
		A27C866024F8F7AF0074470B = {
			isa = PBXGroup;
			children = (
				A27C866B24F8F7AF0074470B /* myFirstApp */,
				A27C866A24F8F7AF0074470B /* Products */,
			);
			sourceTree = "<group>";
		};
		A27C866A24F8F7AF0074470B /* Products */ = {
			isa = PBXGroup;
			children = (
				A27C866924F8F7AF0074470B /* myFirstApp.app */,
			);
			name = Products;
			sourceTree = "<group>";
		};
		A27C866B24F8F7AF0074470B /* myFirstApp */ = {
			isa = PBXGroup;
			children = (
				A2401E6024FC1BA300066485 /* SupportingFiles */,
				A2401E6324FC1C8300066485 /* ViewControllers */,
				A2401E6224FC1C6100066485 /* Storyboards */,
				A2401E6124FC1C1900066485 /* Model */,
				A2401E6424FC1CA400066485 /* Sources */,
			);
			path = myFirstApp;
			sourceTree = "<group>";
		};
/* End PBXGroup section */

/* Begin PBXNativeTarget section */
		A27C866824F8F7AF0074470B /* myFirstApp */ = {
			isa = PBXNativeTarget;
			buildConfigurationList = A27C867D24F8F7B10074470B /* Build configuration list for PBXNativeTarget "myFirstApp" */;
			buildPhases = (
				A27C866524F8F7AF0074470B /* Sources */,
				A27C866624F8F7AF0074470B /* Frameworks */,
				A27C866724F8F7AF0074470B /* Resources */,
			);
			buildRules = (
			);
			dependencies = (
			);
			name = myFirstApp;
			productName = myFirstApp;
			productReference = A27C866924F8F7AF0074470B /* myFirstApp.app */;
			productType = "com.apple.product-type.application";
		};
/* End PBXNativeTarget section */

/* Begin PBXProject section */
		A27C866124F8F7AF0074470B /* Project object */ = {
			isa = PBXProject;
			attributes = {
				LastSwiftUpdateCheck = 1150;
				LastUpgradeCheck = 1150;
				ORGANIZATIONNAME = Rasikon;
				TargetAttributes = {
					A27C866824F8F7AF0074470B = {
						CreatedOnToolsVersion = 11.5;
					};
				};
			};
			buildConfigurationList = A27C866424F8F7AF0074470B /* Build configuration list for PBXProject "myFirstApp" */;
			compatibilityVersion = "Xcode 9.3";
			developmentRegion = en;
			hasScannedForEncodings = 0;
			knownRegions = (
				en,
				Base,
			);
			mainGroup = A27C866024F8F7AF0074470B;
			productRefGroup = A27C866A24F8F7AF0074470B /* Products */;
			projectDirPath = "";
			projectRoot = "";
			targets = (
				A27C866824F8F7AF0074470B /* myFirstApp */,
			);
		};
/* End PBXProject section */

/* Begin PBXResourcesBuildPhase section */
		A27C866724F8F7AF0074470B /* Resources */ = {
			isa = PBXResourcesBuildPhase;
			buildActionMask = 2147483647;
			files = (
				A27C867924F8F7B10074470B /* LaunchScreen.storyboard in Resources */,
				A27C867624F8F7B10074470B /* Assets.xcassets in Resources */,
				A27C867424F8F7AF0074470B /* Main.storyboard in Resources */,
			);
			runOnlyForDeploymentPostprocessing = 0;
		};
/* End PBXResourcesBuildPhase section */

/* Begin PBXSourcesBuildPhase section */
		A27C866524F8F7AF0074470B /* Sources */ = {
			isa = PBXSourcesBuildPhase;
			buildActionMask = 2147483647;
			files = (
				A27C867124F8F7AF0074470B /* ViewController.swift in Sources */,
				A27C866D24F8F7AF0074470B /* AppDelegate.swift in Sources */,
				A27C868124F9129C0074470B /* Person.swift in Sources */,
				A27C868524F9797B0074470B /* SecondViewController.swift in Sources */,
				A27C866F24F8F7AF0074470B /* SceneDelegate.swift in Sources */,
			);
			runOnlyForDeploymentPostprocessing = 0;
		};
/* End PBXSourcesBuildPhase section */

/* Begin PBXVariantGroup section */
		A27C867224F8F7AF0074470B /* Main.storyboard */ = {
			isa = PBXVariantGroup;
			children = (
				A27C867324F8F7AF0074470B /* Base */,
			);
			name = Main.storyboard;
			sourceTree = "<group>";
		};
		A27C867724F8F7B10074470B /* LaunchScreen.storyboard */ = {
			isa = PBXVariantGroup;
			children = (
				A27C867824F8F7B10074470B /* Base */,
			);
			name = LaunchScreen.storyboard;
			sourceTree = "<group>";
		};
/* End PBXVariantGroup section */

/* Begin XCBuildConfiguration section */
		A27C867B24F8F7B10074470B /* Debug */ = {
			isa = XCBuildConfiguration;
			buildSettings = {
				ALWAYS_SEARCH_USER_PATHS = NO;
				CLANG_ANALYZER_NONNULL = YES;
				CLANG_ANALYZER_NUMBER_OBJECT_CONVERSION = YES_AGGRESSIVE;
				CLANG_CXX_LANGUAGE_STANDARD = "gnu++14";
				CLANG_CXX_LIBRARY = "libc++";
				CLANG_ENABLE_MODULES = YES;
				CLANG_ENABLE_OBJC_ARC = YES;
				CLANG_ENABLE_OBJC_WEAK = YES;
				CLANG_WARN_BLOCK_CAPTURE_AUTORELEASING = YES;
				CLANG_WARN_BOOL_CONVERSION = YES;
				CLANG_WARN_COMMA = YES;
				CLANG_WARN_CONSTANT_CONVERSION = YES;
				CLANG_WARN_DEPRECATED_OBJC_IMPLEMENTATIONS = YES;
				CLANG_WARN_DIRECT_OBJC_ISA_USAGE = YES_ERROR;
				CLANG_WARN_DOCUMENTATION_COMMENTS = YES;
				CLANG_WARN_EMPTY_BODY = YES;
				CLANG_WARN_ENUM_CONVERSION = YES;
				CLANG_WARN_INFINITE_RECURSION = YES;
				CLANG_WARN_INT_CONVERSION = YES;
				CLANG_WARN_NON_LITERAL_NULL_CONVERSION = YES;
				CLANG_WARN_OBJC_IMPLICIT_RETAIN_SELF = YES;
				CLANG_WARN_OBJC_LITERAL_CONVERSION = YES;
				CLANG_WARN_OBJC_ROOT_CLASS = YES_ERROR;
				CLANG_WARN_RANGE_LOOP_ANALYSIS = YES;
				CLANG_WARN_STRICT_PROTOTYPES = YES;
				CLANG_WARN_SUSPICIOUS_MOVE = YES;
				CLANG_WARN_UNGUARDED_AVAILABILITY = YES_AGGRESSIVE;
				CLANG_WARN_UNREACHABLE_CODE = YES;
				CLANG_WARN__DUPLICATE_METHOD_MATCH = YES;
				COPY_PHASE_STRIP = NO;
				DEBUG_INFORMATION_FORMAT = dwarf;
				ENABLE_STRICT_OBJC_MSGSEND = YES;
				ENABLE_TESTABILITY = YES;
				GCC_C_LANGUAGE_STANDARD = gnu11;
				GCC_DYNAMIC_NO_PIC = NO;
				GCC_NO_COMMON_BLOCKS = YES;
				GCC_OPTIMIZATION_LEVEL = 0;
				GCC_PREPROCESSOR_DEFINITIONS = (
					"DEBUG=1",
					"$(inherited)",
				);
				GCC_WARN_64_TO_32_BIT_CONVERSION = YES;
				GCC_WARN_ABOUT_RETURN_TYPE = YES_ERROR;
				GCC_WARN_UNDECLARED_SELECTOR = YES;
				GCC_WARN_UNINITIALIZED_AUTOS = YES_AGGRESSIVE;
				GCC_WARN_UNUSED_FUNCTION = YES;
				GCC_WARN_UNUSED_VARIABLE = YES;
				IPHONEOS_DEPLOYMENT_TARGET = 13.5;
				MTL_ENABLE_DEBUG_INFO = INCLUDE_SOURCE;
				MTL_FAST_MATH = YES;
				ONLY_ACTIVE_ARCH = YES;
				SDKROOT = iphoneos;
				SWIFT_ACTIVE_COMPILATION_CONDITIONS = DEBUG;
				SWIFT_OPTIMIZATION_LEVEL = "-Onone";
			};
			name = Debug;
		};
		A27C867C24F8F7B10074470B /* Release */ = {
			isa = XCBuildConfiguration;
			buildSettings = {
				ALWAYS_SEARCH_USER_PATHS = NO;
				CLANG_ANALYZER_NONNULL = YES;
				CLANG_ANALYZER_NUMBER_OBJECT_CONVERSION = YES_AGGRESSIVE;
				CLANG_CXX_LANGUAGE_STANDARD = "gnu++14";
				CLANG_CXX_LIBRARY = "libc++";
				CLANG_ENABLE_MODULES = YES;
				CLANG_ENABLE_OBJC_ARC = YES;
				CLANG_ENABLE_OBJC_WEAK = YES;
				CLANG_WARN_BLOCK_CAPTURE_AUTORELEASING = YES;
				CLANG_WARN_BOOL_CONVERSION = YES;
				CLANG_WARN_COMMA = YES;
				CLANG_WARN_CONSTANT_CONVERSION = YES;
				CLANG_WARN_DEPRECATED_OBJC_IMPLEMENTATIONS = YES;
				CLANG_WARN_DIRECT_OBJC_ISA_USAGE = YES_ERROR;
				CLANG_WARN_DOCUMENTATION_COMMENTS = YES;
				CLANG_WARN_EMPTY_BODY = YES;
				CLANG_WARN_ENUM_CONVERSION = YES;
				CLANG_WARN_INFINITE_RECURSION = YES;
				CLANG_WARN_INT_CONVERSION = YES;
				CLANG_WARN_NON_LITERAL_NULL_CONVERSION = YES;
				CLANG_WARN_OBJC_IMPLICIT_RETAIN_SELF = YES;
				CLANG_WARN_OBJC_LITERAL_CONVERSION = YES;
				CLANG_WARN_OBJC_ROOT_CLASS = YES_ERROR;
				CLANG_WARN_RANGE_LOOP_ANALYSIS = YES;
				CLANG_WARN_STRICT_PROTOTYPES = YES;
				CLANG_WARN_SUSPICIOUS_MOVE = YES;
				CLANG_WARN_UNGUARDED_AVAILABILITY = YES_AGGRESSIVE;
				CLANG_WARN_UNREACHABLE_CODE = YES;
				CLANG_WARN__DUPLICATE_METHOD_MATCH = YES;
				COPY_PHASE_STRIP = NO;
				DEBUG_INFORMATION_FORMAT = "dwarf-with-dsym";
				ENABLE_NS_ASSERTIONS = NO;
				ENABLE_STRICT_OBJC_MSGSEND = YES;
				GCC_C_LANGUAGE_STANDARD = gnu11;
				GCC_NO_COMMON_BLOCKS = YES;
				GCC_WARN_64_TO_32_BIT_CONVERSION = YES;
				GCC_WARN_ABOUT_RETURN_TYPE = YES_ERROR;
				GCC_WARN_UNDECLARED_SELECTOR = YES;
				GCC_WARN_UNINITIALIZED_AUTOS = YES_AGGRESSIVE;
				GCC_WARN_UNUSED_FUNCTION = YES;
				GCC_WARN_UNUSED_VARIABLE = YES;
				IPHONEOS_DEPLOYMENT_TARGET = 13.5;
				MTL_ENABLE_DEBUG_INFO = NO;
				MTL_FAST_MATH = YES;
				SDKROOT = iphoneos;
				SWIFT_COMPILATION_MODE = wholemodule;
				SWIFT_OPTIMIZATION_LEVEL = "-O";
				VALIDATE_PRODUCT = YES;
			};
			name = Release;
		};
		A27C867E24F8F7B10074470B /* Debug */ = {
			isa = XCBuildConfiguration;
			buildSettings = {
				ASSETCATALOG_COMPILER_APPICON_NAME = AppIcon;
				CODE_SIGN_STYLE = Automatic;
				INFOPLIST_FILE = myFirstApp/SupportingFiles/Info.plist;
				IPHONEOS_DEPLOYMENT_TARGET = 13.5;
				LD_RUNPATH_SEARCH_PATHS = (
					"$(inherited)",
					"@executable_path/Frameworks",
				);
				PRODUCT_BUNDLE_IDENTIFIER = ru.rasikon.myFirstApp;
				PRODUCT_NAME = "$(TARGET_NAME)";
				SWIFT_VERSION = 5.0;
				TARGETED_DEVICE_FAMILY = "1,2";
			};
			name = Debug;
		};
		A27C867F24F8F7B10074470B /* Release */ = {
			isa = XCBuildConfiguration;
			buildSettings = {
				ASSETCATALOG_COMPILER_APPICON_NAME = AppIcon;
				CODE_SIGN_STYLE = Automatic;
				INFOPLIST_FILE = myFirstApp/SupportingFiles/Info.plist;
				IPHONEOS_DEPLOYMENT_TARGET = 13.5;
				LD_RUNPATH_SEARCH_PATHS = (
					"$(inherited)",
					"@executable_path/Frameworks",
				);
				PRODUCT_BUNDLE_IDENTIFIER = ru.rasikon.myFirstApp;
				PRODUCT_NAME = "$(TARGET_NAME)";
				SWIFT_VERSION = 5.0;
				TARGETED_DEVICE_FAMILY = "1,2";
			};
			name = Release;
		};
/* End XCBuildConfiguration section */

/* Begin XCConfigurationList section */
		A27C866424F8F7AF0074470B /* Build configuration list for PBXProject "myFirstApp" */ = {
			isa = XCConfigurationList;
			buildConfigurations = (
				A27C867B24F8F7B10074470B /* Debug */,
				A27C867C24F8F7B10074470B /* Release */,
			);
			defaultConfigurationIsVisible = 0;
			defaultConfigurationName = Release;
		};
		A27C867D24F8F7B10074470B /* Build configuration list for PBXNativeTarget "myFirstApp" */ = {
			isa = XCConfigurationList;
			buildConfigurations = (
				A27C867E24F8F7B10074470B /* Debug */,
				A27C867F24F8F7B10074470B /* Release */,
			);
			defaultConfigurationIsVisible = 0;
			defaultConfigurationName = Release;
		};
/* End XCConfigurationList section */
	};
	rootObject = A27C866124F8F7AF0074470B /* Project object */;
}
